
Microsoft Visual Studio Solution File, Format Version 12.00
# Visual Studio Version 17
VisualStudioVersion = 17.0.32014.148
MinimumVisualStudioVersion = 10.0.40219.1
Project("{FAE04EC0-301F-11D3-BF4B-00C04F79EFBC}") = "RegistrationAndLoginApp", "RegistrationAndLoginApp\RegistrationAndLoginApp.csproj", "{C0E710F3-4C47-4297-82CF-26C0407259E4}"
EndProject
Global
	GlobalSection(SolutionConfigurationPlatforms) = preSolution
		Debug|Any CPU = Debug|Any CPU
		Release|Any CPU = Release|Any CPU
	EndGlobalSection
	GlobalSection(ProjectConfigurationPlatforms) = postSolution
		{C0E710F3-4C47-4297-82CF-26C0407259E4}.Debug|Any CPU.ActiveCfg = Debug|Any CPU
		{C0E710F3-4C47-4297-82CF-26C0407259E4}.Debug|Any CPU.Build.0 = Debug|Any CPU
		{C0E710F3-4C47-4297-82CF-26C0407259E4}.Release|Any CPU.ActiveCfg = Release|Any CPU
		{C0E710F3-4C47-4297-82CF-26C0407259E4}.Release|Any CPU.Build.0 = Release|Any CPU
	EndGlobalSection
	GlobalSection(SolutionProperties) = preSolution
		HideSolutionNode = FALSE
	EndGlobalSection
	GlobalSection(ExtensibilityGlobals) = postSolution
		SolutionGuid = {06DAFCB1-ABD4-488D-9A81-7157A50CA319}
	EndGlobalSection
EndGlobal
